
Microsoft Visual Studio Solution File, Format Version 12.00
# Visual Studio Version 17
VisualStudioVersion = 17.0.31903.59
MinimumVisualStudioVersion = 10.0.40219.1
Project("{9A19103F-16F7-4668-BE54-9A1E7A4F7556}") = "Schedule", "src\schedule\Schedule.csproj", "{FC923A3B-8215-4977-AF03-81E13C512FF4}"
EndProject
Project("{9A19103F-16F7-4668-BE54-9A1E7A4F7556}") = "WebApi", "src\web-api\WebApi.csproj", "{52AE6996-EB0E-4DCC-8C8B-E6240D145302}"
EndProject
Global
	GlobalSection(SolutionConfigurationPlatforms) = preSolution
		Debug|Any CPU = Debug|Any CPU
		Release|Any CPU = Release|Any CPU
	EndGlobalSection
	GlobalSection(ProjectConfigurationPlatforms) = postSolution
		{FC923A3B-8215-4977-AF03-81E13C512FF4}.Debug|Any CPU.ActiveCfg = Debug|Any CPU
		{FC923A3B-8215-4977-AF03-81E13C512FF4}.Debug|Any CPU.Build.0 = Debug|Any CPU
		{FC923A3B-8215-4977-AF03-81E13C512FF4}.Release|Any CPU.ActiveCfg = Release|Any CPU
		{FC923A3B-8215-4977-AF03-81E13C512FF4}.Release|Any CPU.Build.0 = Release|Any CPU
		{52AE6996-EB0E-4DCC-8C8B-E6240D145302}.Debug|Any CPU.ActiveCfg = Debug|Any CPU
		{52AE6996-EB0E-4DCC-8C8B-E6240D145302}.Debug|Any CPU.Build.0 = Debug|Any CPU
		{52AE6996-EB0E-4DCC-8C8B-E6240D145302}.Release|Any CPU.ActiveCfg = Release|Any CPU
		{52AE6996-EB0E-4DCC-8C8B-E6240D145302}.Release|Any CPU.Build.0 = Release|Any CPU
	EndGlobalSection
	GlobalSection(SolutionProperties) = preSolution
		HideSolutionNode = FALSE
	EndGlobalSection
	GlobalSection(ExtensibilityGlobals) = postSolution
		SolutionGuid = {3D015401-1A66-49DB-BA7E-9706326E8077}
	EndGlobalSection
EndGlobal
